
Microsoft Visual Studio Solution File, Format Version 12.00
# Visual Studio for Mac
Project("{FAE04EC0-301F-11D3-BF4B-00C04F79EFBC}") = "Assembly-CSharp", "Assembly-CSharp.csproj", "{4AF7F326-D92E-B3EB-5D99-267C2F681C6B}"
EndProject
Project("{FAE04EC0-301F-11D3-BF4B-00C04F79EFBC}") = "Tests", "Tests.csproj", "{BD9D41EA-068A-DDD8-9254-CF569F9CF33A}"
EndProject
Project("{FAE04EC0-301F-11D3-BF4B-00C04F79EFBC}") = "Assembly-CSharp-Editor", "Assembly-CSharp-Editor.csproj", "{EBB2B2A1-1F06-7595-3577-83BCC5DF456E}"
EndProject
Global
	GlobalSection(SolutionConfigurationPlatforms) = preSolution
		Debug|Any CPU = Debug|Any CPU
		Release|Any CPU = Release|Any CPU
	EndGlobalSection
	GlobalSection(ProjectConfigurationPlatforms) = postSolution
		{4AF7F326-D92E-B3EB-5D99-267C2F681C6B}.Debug|Any CPU.ActiveCfg = Debug|Any CPU
		{4AF7F326-D92E-B3EB-5D99-267C2F681C6B}.Debug|Any CPU.Build.0 = Debug|Any CPU
		{4AF7F326-D92E-B3EB-5D99-267C2F681C6B}.Release|Any CPU.ActiveCfg = Release|Any CPU
		{4AF7F326-D92E-B3EB-5D99-267C2F681C6B}.Release|Any CPU.Build.0 = Release|Any CPU
		{BD9D41EA-068A-DDD8-9254-CF569F9CF33A}.Debug|Any CPU.ActiveCfg = Debug|Any CPU
		{BD9D41EA-068A-DDD8-9254-CF569F9CF33A}.Debug|Any CPU.Build.0 = Debug|Any CPU
		{BD9D41EA-068A-DDD8-9254-CF569F9CF33A}.Release|Any CPU.ActiveCfg = Release|Any CPU
		{BD9D41EA-068A-DDD8-9254-CF569F9CF33A}.Release|Any CPU.Build.0 = Release|Any CPU
		{EBB2B2A1-1F06-7595-3577-83BCC5DF456E}.Debug|Any CPU.ActiveCfg = Debug|Any CPU
		{EBB2B2A1-1F06-7595-3577-83BCC5DF456E}.Debug|Any CPU.Build.0 = Debug|Any CPU
		{EBB2B2A1-1F06-7595-3577-83BCC5DF456E}.Release|Any CPU.ActiveCfg = Release|Any CPU
		{EBB2B2A1-1F06-7595-3577-83BCC5DF456E}.Release|Any CPU.Build.0 = Release|Any CPU
	EndGlobalSection
	GlobalSection(SolutionProperties) = preSolution
		HideSolutionNode = FALSE
	EndGlobalSection
EndGlobal
